// !$*UTF8*$!
{
	archiveVersion = 1;
	classes = {
	};
	objectVersion = 46;
	objects = {

/* Begin PBXBuildFile section */
		272262851D980EAA0082E04B /* Functions.swift in Sources */ = {isa = PBXBuildFile; fileRef = 272262841D980EAA0082E04B /* Functions.swift */; };
		272262881D996A470082E04B /* DataModel.xcdatamodeld in Sources */ = {isa = PBXBuildFile; fileRef = 272262861D996A470082E04B /* DataModel.xcdatamodeld */; };
		272262931D9970290082E04B /* Calculation+CoreDataClass.swift in Sources */ = {isa = PBXBuildFile; fileRef = 272262911D9970280082E04B /* Calculation+CoreDataClass.swift */; };
		272262941D9970290082E04B /* Calculation+CoreDataProperties.swift in Sources */ = {isa = PBXBuildFile; fileRef = 272262921D9970280082E04B /* Calculation+CoreDataProperties.swift */; };
		274489E71D410B4B002106E3 /* AppDelegate.swift in Sources */ = {isa = PBXBuildFile; fileRef = 274489E61D410B4B002106E3 /* AppDelegate.swift */; };
		274489EE1D410B4B002106E3 /* Assets.xcassets in Resources */ = {isa = PBXBuildFile; fileRef = 274489ED1D410B4B002106E3 /* Assets.xcassets */; };
		274489F11D410B4B002106E3 /* LaunchScreen.storyboard in Resources */ = {isa = PBXBuildFile; fileRef = 274489EF1D410B4B002106E3 /* LaunchScreen.storyboard */; };
		274489F91D41265F002106E3 /* TimeLapseCalc.swift in Sources */ = {isa = PBXBuildFile; fileRef = 274489F81D41265F002106E3 /* TimeLapseCalc.swift */; };
		274489FF1D414EB9002106E3 /* CalculatorViewController.swift in Sources */ = {isa = PBXBuildFile; fileRef = 274489FE1D414EB9002106E3 /* CalculatorViewController.swift */; };
		279A74401D48F81D00977326 /* SavingViewController.swift in Sources */ = {isa = PBXBuildFile; fileRef = 279A743F1D48F81D00977326 /* SavingViewController.swift */; };
		279A74441D4A12FA00977326 /* timelapseEx.jpg in Resources */ = {isa = PBXBuildFile; fileRef = 279A74431D4A12FA00977326 /* timelapseEx.jpg */; };
		27D334001D9ABA5700FF0DC7 /* SavedCalculationsTableViewController.swift in Sources */ = {isa = PBXBuildFile; fileRef = 27D333FF1D9ABA5700FF0DC7 /* SavedCalculationsTableViewController.swift */; };
		27D334021D9AD50800FF0DC7 /* CalculationCell.swift in Sources */ = {isa = PBXBuildFile; fileRef = 27D334011D9AD50800FF0DC7 /* CalculationCell.swift */; };
		27D334081D9D672A00FF0DC7 /* Main.storyboard in Resources */ = {isa = PBXBuildFile; fileRef = 27D334071D9D672A00FF0DC7 /* Main.storyboard */; };
		27E9FD6F1D63951300EF041A /* HudView.swift in Sources */ = {isa = PBXBuildFile; fileRef = 27E9FD6E1D63951300EF041A /* HudView.swift */; };
		27EA1A531DB7A60000755340 /* UIImage+Resize.swift in Sources */ = {isa = PBXBuildFile; fileRef = 27EA1A521DB7A60000755340 /* UIImage+Resize.swift */; };
		27FDE8831D9E59C5006F35FD /* MapKit.framework in Frameworks */ = {isa = PBXBuildFile; fileRef = 27FDE8821D9E59C5006F35FD /* MapKit.framework */; };
		27FDE8851D9E76B5006F35FD /* CustomAnnotation.swift in Sources */ = {isa = PBXBuildFile; fileRef = 27FDE8841D9E76B5006F35FD /* CustomAnnotation.swift */; };
/* End PBXBuildFile section */

/* Begin PBXFileReference section */
		272262841D980EAA0082E04B /* Functions.swift */ = {isa = PBXFileReference; fileEncoding = 4; lastKnownFileType = sourcecode.swift; path = Functions.swift; sourceTree = "<group>"; };
		272262871D996A470082E04B /* DataModel.xcdatamodel */ = {isa = PBXFileReference; lastKnownFileType = wrapper.xcdatamodel; path = DataModel.xcdatamodel; sourceTree = "<group>"; };
		272262911D9970280082E04B /* Calculation+CoreDataClass.swift */ = {isa = PBXFileReference; fileEncoding = 4; lastKnownFileType = sourcecode.swift; path = "Calculation+CoreDataClass.swift"; sourceTree = "<group>"; };
		272262921D9970280082E04B /* Calculation+CoreDataProperties.swift */ = {isa = PBXFileReference; fileEncoding = 4; lastKnownFileType = sourcecode.swift; path = "Calculation+CoreDataProperties.swift"; sourceTree = "<group>"; };
		274489E31D410B4B002106E3 /* Time Lapse Calc.app */ = {isa = PBXFileReference; explicitFileType = wrapper.application; includeInIndex = 0; path = "Time Lapse Calc.app"; sourceTree = BUILT_PRODUCTS_DIR; };
		274489E61D410B4B002106E3 /* AppDelegate.swift */ = {isa = PBXFileReference; lastKnownFileType = sourcecode.swift; path = AppDelegate.swift; sourceTree = "<group>"; };
		274489ED1D410B4B002106E3 /* Assets.xcassets */ = {isa = PBXFileReference; lastKnownFileType = folder.assetcatalog; path = Assets.xcassets; sourceTree = "<group>"; };
		274489F01D410B4B002106E3 /* Base */ = {isa = PBXFileReference; lastKnownFileType = file.storyboard; name = Base; path = Base.lproj/LaunchScreen.storyboard; sourceTree = "<group>"; };
		274489F21D410B4B002106E3 /* Info.plist */ = {isa = PBXFileReference; lastKnownFileType = text.plist.xml; path = Info.plist; sourceTree = "<group>"; };
		274489F81D41265F002106E3 /* TimeLapseCalc.swift */ = {isa = PBXFileReference; fileEncoding = 4; lastKnownFileType = sourcecode.swift; path = TimeLapseCalc.swift; sourceTree = "<group>"; };
		274489FE1D414EB9002106E3 /* CalculatorViewController.swift */ = {isa = PBXFileReference; fileEncoding = 4; lastKnownFileType = sourcecode.swift; path = CalculatorViewController.swift; sourceTree = "<group>"; };
		279A743F1D48F81D00977326 /* SavingViewController.swift */ = {isa = PBXFileReference; fileEncoding = 4; lastKnownFileType = sourcecode.swift; path = SavingViewController.swift; sourceTree = "<group>"; };
		279A74431D4A12FA00977326 /* timelapseEx.jpg */ = {isa = PBXFileReference; lastKnownFileType = image.jpeg; path = timelapseEx.jpg; sourceTree = "<group>"; };
		27D333FF1D9ABA5700FF0DC7 /* SavedCalculationsTableViewController.swift */ = {isa = PBXFileReference; fileEncoding = 4; lastKnownFileType = sourcecode.swift; path = SavedCalculationsTableViewController.swift; sourceTree = "<group>"; };
		27D334011D9AD50800FF0DC7 /* CalculationCell.swift */ = {isa = PBXFileReference; fileEncoding = 4; lastKnownFileType = sourcecode.swift; path = CalculationCell.swift; sourceTree = "<group>"; };
		27D334071D9D672A00FF0DC7 /* Main.storyboard */ = {isa = PBXFileReference; fileEncoding = 4; lastKnownFileType = file.storyboard; path = Main.storyboard; sourceTree = "<group>"; };
		27E9FD6E1D63951300EF041A /* HudView.swift */ = {isa = PBXFileReference; fileEncoding = 4; lastKnownFileType = sourcecode.swift; path = HudView.swift; sourceTree = "<group>"; };
		27EA1A521DB7A60000755340 /* UIImage+Resize.swift */ = {isa = PBXFileReference; fileEncoding = 4; lastKnownFileType = sourcecode.swift; path = "UIImage+Resize.swift"; sourceTree = "<group>"; };
		27FDE8821D9E59C5006F35FD /* MapKit.framework */ = {isa = PBXFileReference; lastKnownFileType = wrapper.framework; name = MapKit.framework; path = System/Library/Frameworks/MapKit.framework; sourceTree = SDKROOT; };
		27FDE8841D9E76B5006F35FD /* CustomAnnotation.swift */ = {isa = PBXFileReference; fileEncoding = 4; lastKnownFileType = sourcecode.swift; path = CustomAnnotation.swift; sourceTree = "<group>"; };
/* End PBXFileReference section */

/* Begin PBXFrameworksBuildPhase section */
		274489E01D410B4B002106E3 /* Frameworks */ = {
			isa = PBXFrameworksBuildPhase;
			buildActionMask = 2147483647;
			files = (
				27FDE8831D9E59C5006F35FD /* MapKit.framework in Frameworks */,
			);
			runOnlyForDeploymentPostprocessing = 0;
		};
/* End PBXFrameworksBuildPhase section */

/* Begin PBXGroup section */
		272262951D9976680082E04B /* SupportingFiles */ = {
			isa = PBXGroup;
			children = (
				274489E61D410B4B002106E3 /* AppDelegate.swift */,
				27EA1A521DB7A60000755340 /* UIImage+Resize.swift */,
				272262841D980EAA0082E04B /* Functions.swift */,
				274489ED1D410B4B002106E3 /* Assets.xcassets */,
				272262861D996A470082E04B /* DataModel.xcdatamodeld */,
			);
			name = SupportingFiles;
			sourceTree = "<group>";
		};
		274489DA1D410B4B002106E3 = {
			isa = PBXGroup;
			children = (
				274489E51D410B4B002106E3 /* Time Lapse Calc */,
				274489E41D410B4B002106E3 /* Products */,
				27FDE8811D9E59C4006F35FD /* Frameworks */,
			);
			sourceTree = "<group>";
		};
		274489E41D410B4B002106E3 /* Products */ = {
			isa = PBXGroup;
			children = (
				274489E31D410B4B002106E3 /* Time Lapse Calc.app */,
			);
			name = Products;
			sourceTree = "<group>";
		};
		274489E51D410B4B002106E3 /* Time Lapse Calc */ = {
			isa = PBXGroup;
			children = (
				27FDC4261D94078900104CFE /* Model */,
				27FDC4271D9407B000104CFE /* Controller */,
				27FDC4281D9407BF00104CFE /* View */,
				272262951D9976680082E04B /* SupportingFiles */,
				274489EF1D410B4B002106E3 /* LaunchScreen.storyboard */,
				27D334071D9D672A00FF0DC7 /* Main.storyboard */,
				274489F21D410B4B002106E3 /* Info.plist */,
				279A74431D4A12FA00977326 /* timelapseEx.jpg */,
			);
			path = "Time Lapse Calc";
			sourceTree = "<group>";
		};
		27FDC4261D94078900104CFE /* Model */ = {
			isa = PBXGroup;
			children = (
				272262911D9970280082E04B /* Calculation+CoreDataClass.swift */,
				272262921D9970280082E04B /* Calculation+CoreDataProperties.swift */,
				274489F81D41265F002106E3 /* TimeLapseCalc.swift */,
				27FDE8841D9E76B5006F35FD /* CustomAnnotation.swift */,
			);
			name = Model;
			sourceTree = "<group>";
		};
		27FDC4271D9407B000104CFE /* Controller */ = {
			isa = PBXGroup;
			children = (
				274489FE1D414EB9002106E3 /* CalculatorViewController.swift */,
				27D333FF1D9ABA5700FF0DC7 /* SavedCalculationsTableViewController.swift */,
				279A743F1D48F81D00977326 /* SavingViewController.swift */,
			);
			name = Controller;
			sourceTree = "<group>";
		};
		27FDC4281D9407BF00104CFE /* View */ = {
			isa = PBXGroup;
			children = (
				27E9FD6E1D63951300EF041A /* HudView.swift */,
				27D334011D9AD50800FF0DC7 /* CalculationCell.swift */,
			);
			name = View;
			sourceTree = "<group>";
		};
		27FDE8811D9E59C4006F35FD /* Frameworks */ = {
			isa = PBXGroup;
			children = (
				27FDE8821D9E59C5006F35FD /* MapKit.framework */,
			);
			name = Frameworks;
			sourceTree = "<group>";
		};
/* End PBXGroup section */

/* Begin PBXNativeTarget section */
		274489E21D410B4B002106E3 /* Time Lapse Calc */ = {
			isa = PBXNativeTarget;
			buildConfigurationList = 274489F51D410B4B002106E3 /* Build configuration list for PBXNativeTarget "Time Lapse Calc" */;
			buildPhases = (
				274489DF1D410B4B002106E3 /* Sources */,
				274489E01D410B4B002106E3 /* Frameworks */,
				274489E11D410B4B002106E3 /* Resources */,
			);
			buildRules = (
			);
			dependencies = (
			);
			name = "Time Lapse Calc";
			productName = "Time Lapse Calc";
			productReference = 274489E31D410B4B002106E3 /* Time Lapse Calc.app */;
			productType = "com.apple.product-type.application";
		};
/* End PBXNativeTarget section */

/* Begin PBXProject section */
		274489DB1D410B4B002106E3 /* Project object */ = {
			isa = PBXProject;
			attributes = {
				LastSwiftUpdateCheck = 0730;
				LastUpgradeCheck = 0800;
				ORGANIZATIONNAME = "Sasha Lexor";
				TargetAttributes = {
					274489E21D410B4B002106E3 = {
						CreatedOnToolsVersion = 7.3.1;
						DevelopmentTeam = 5T76Y9CX44;
						LastSwiftMigration = 0800;
					};
				};
			};
			buildConfigurationList = 274489DE1D410B4B002106E3 /* Build configuration list for PBXProject "Time Lapse Calc" */;
			compatibilityVersion = "Xcode 3.2";
			developmentRegion = English;
			hasScannedForEncodings = 0;
			knownRegions = (
				en,
				Base,
			);
			mainGroup = 274489DA1D410B4B002106E3;
			productRefGroup = 274489E41D410B4B002106E3 /* Products */;
			projectDirPath = "";
			projectRoot = "";
			targets = (
				274489E21D410B4B002106E3 /* Time Lapse Calc */,
			);
		};
/* End PBXProject section */

/* Begin PBXResourcesBuildPhase section */
		274489E11D410B4B002106E3 /* Resources */ = {
			isa = PBXResourcesBuildPhase;
			buildActionMask = 2147483647;
			files = (
				274489F11D410B4B002106E3 /* LaunchScreen.storyboard in Resources */,
				274489EE1D410B4B002106E3 /* Assets.xcassets in Resources */,
				279A74441D4A12FA00977326 /* timelapseEx.jpg in Resources */,
				27D334081D9D672A00FF0DC7 /* Main.storyboard in Resources */,
			);
			runOnlyForDeploymentPostprocessing = 0;
		};
/* End PBXResourcesBuildPhase section */

/* Begin PBXSourcesBuildPhase section */
		274489DF1D410B4B002106E3 /* Sources */ = {
			isa = PBXSourcesBuildPhase;
			buildActionMask = 2147483647;
			files = (
				279A74401D48F81D00977326 /* SavingViewController.swift in Sources */,
				272262881D996A470082E04B /* DataModel.xcdatamodeld in Sources */,
				274489F91D41265F002106E3 /* TimeLapseCalc.swift in Sources */,
				27E9FD6F1D63951300EF041A /* HudView.swift in Sources */,
				272262851D980EAA0082E04B /* Functions.swift in Sources */,
				27EA1A531DB7A60000755340 /* UIImage+Resize.swift in Sources */,
				274489FF1D414EB9002106E3 /* CalculatorViewController.swift in Sources */,
				272262931D9970290082E04B /* Calculation+CoreDataClass.swift in Sources */,
				27D334001D9ABA5700FF0DC7 /* SavedCalculationsTableViewController.swift in Sources */,
				27D334021D9AD50800FF0DC7 /* CalculationCell.swift in Sources */,
				274489E71D410B4B002106E3 /* AppDelegate.swift in Sources */,
				272262941D9970290082E04B /* Calculation+CoreDataProperties.swift in Sources */,
				27FDE8851D9E76B5006F35FD /* CustomAnnotation.swift in Sources */,
			);
			runOnlyForDeploymentPostprocessing = 0;
		};
/* End PBXSourcesBuildPhase section */

/* Begin PBXVariantGroup section */
		274489EF1D410B4B002106E3 /* LaunchScreen.storyboard */ = {
			isa = PBXVariantGroup;
			children = (
				274489F01D410B4B002106E3 /* Base */,
			);
			name = LaunchScreen.storyboard;
			sourceTree = "<group>";
		};
/* End PBXVariantGroup section */

/* Begin XCBuildConfiguration section */
		274489F31D410B4B002106E3 /* Debug */ = {
			isa = XCBuildConfiguration;
			buildSettings = {
				ALWAYS_SEARCH_USER_PATHS = NO;
				CLANG_ANALYZER_NONNULL = YES;
				CLANG_CXX_LANGUAGE_STANDARD = "gnu++0x";
				CLANG_CXX_LIBRARY = "libc++";
				CLANG_ENABLE_MODULES = YES;
				CLANG_ENABLE_OBJC_ARC = YES;
				CLANG_WARN_BOOL_CONVERSION = YES;
				CLANG_WARN_CONSTANT_CONVERSION = YES;
				CLANG_WARN_DIRECT_OBJC_ISA_USAGE = YES_ERROR;
				CLANG_WARN_EMPTY_BODY = YES;
				CLANG_WARN_ENUM_CONVERSION = YES;
				CLANG_WARN_INFINITE_RECURSION = YES;
				CLANG_WARN_INT_CONVERSION = YES;
				CLANG_WARN_OBJC_ROOT_CLASS = YES_ERROR;
				CLANG_WARN_SUSPICIOUS_MOVE = YES;
				CLANG_WARN_UNREACHABLE_CODE = YES;
				CLANG_WARN__DUPLICATE_METHOD_MATCH = YES;
				"CODE_SIGN_IDENTITY[sdk=iphoneos*]" = "iPhone Developer";
				COPY_PHASE_STRIP = NO;
				DEBUG_INFORMATION_FORMAT = dwarf;
				ENABLE_STRICT_OBJC_MSGSEND = YES;
				ENABLE_TESTABILITY = YES;
				GCC_C_LANGUAGE_STANDARD = gnu99;
				GCC_DYNAMIC_NO_PIC = NO;
				GCC_NO_COMMON_BLOCKS = YES;
				GCC_OPTIMIZATION_LEVEL = 0;
				GCC_PREPROCESSOR_DEFINITIONS = (
					"DEBUG=1",
					"$(inherited)",
				);
				GCC_WARN_64_TO_32_BIT_CONVERSION = YES;
				GCC_WARN_ABOUT_RETURN_TYPE = YES_ERROR;
				GCC_WARN_UNDECLARED_SELECTOR = YES;
				GCC_WARN_UNINITIALIZED_AUTOS = YES_AGGRESSIVE;
				GCC_WARN_UNUSED_FUNCTION = YES;
				GCC_WARN_UNUSED_VARIABLE = YES;
				IPHONEOS_DEPLOYMENT_TARGET = 9.3;
				MTL_ENABLE_DEBUG_INFO = YES;
				ONLY_ACTIVE_ARCH = YES;
				SDKROOT = iphoneos;
				SWIFT_OPTIMIZATION_LEVEL = "-Onone";
				TARGETED_DEVICE_FAMILY = "1,2";
			};
			name = Debug;
		};
		274489F41D410B4B002106E3 /* Release */ = {
			isa = XCBuildConfiguration;
			buildSettings = {
				ALWAYS_SEARCH_USER_PATHS = NO;
				CLANG_ANALYZER_NONNULL = YES;
				CLANG_CXX_LANGUAGE_STANDARD = "gnu++0x";
				CLANG_CXX_LIBRARY = "libc++";
				CLANG_ENABLE_MODULES = YES;
				CLANG_ENABLE_OBJC_ARC = YES;
				CLANG_WARN_BOOL_CONVERSION = YES;
				CLANG_WARN_CONSTANT_CONVERSION = YES;
				CLANG_WARN_DIRECT_OBJC_ISA_USAGE = YES_ERROR;
				CLANG_WARN_EMPTY_BODY = YES;
				CLANG_WARN_ENUM_CONVERSION = YES;
				CLANG_WARN_INFINITE_RECURSION = YES;
				CLANG_WARN_INT_CONVERSION = YES;
				CLANG_WARN_OBJC_ROOT_CLASS = YES_ERROR;
				CLANG_WARN_SUSPICIOUS_MOVE = YES;
				CLANG_WARN_UNREACHABLE_CODE = YES;
				CLANG_WARN__DUPLICATE_METHOD_MATCH = YES;
				"CODE_SIGN_IDENTITY[sdk=iphoneos*]" = "iPhone Developer";
				COPY_PHASE_STRIP = NO;
				DEBUG_INFORMATION_FORMAT = "dwarf-with-dsym";
				ENABLE_NS_ASSERTIONS = NO;
				ENABLE_STRICT_OBJC_MSGSEND = YES;
				GCC_C_LANGUAGE_STANDARD = gnu99;
				GCC_NO_COMMON_BLOCKS = YES;
				GCC_WARN_64_TO_32_BIT_CONVERSION = YES;
				GCC_WARN_ABOUT_RETURN_TYPE = YES_ERROR;
				GCC_WARN_UNDECLARED_SELECTOR = YES;
				GCC_WARN_UNINITIALIZED_AUTOS = YES_AGGRESSIVE;
				GCC_WARN_UNUSED_FUNCTION = YES;
				GCC_WARN_UNUSED_VARIABLE = YES;
				IPHONEOS_DEPLOYMENT_TARGET = 9.3;
				MTL_ENABLE_DEBUG_INFO = NO;
				SDKROOT = iphoneos;
				SWIFT_OPTIMIZATION_LEVEL = "-Owholemodule";
				TARGETED_DEVICE_FAMILY = "1,2";
				VALIDATE_PRODUCT = YES;
			};
			name = Release;
		};
		274489F61D410B4B002106E3 /* Debug */ = {
			isa = XCBuildConfiguration;
			buildSettings = {
				ASSETCATALOG_COMPILER_APPICON_NAME = AppIcon;
				INFOPLIST_FILE = "Time Lapse Calc/Info.plist";
				IPHONEOS_DEPLOYMENT_TARGET = 9.3;
				LD_RUNPATH_SEARCH_PATHS = "$(inherited) @executable_path/Frameworks";
				PRODUCT_BUNDLE_IDENTIFIER = "Lexor.Time-Lapse-Calc";
				PRODUCT_NAME = "$(TARGET_NAME)";
				SWIFT_VERSION = 3.0;
				TARGETED_DEVICE_FAMILY = 1;
			};
			name = Debug;
		};
		274489F71D410B4B002106E3 /* Release */ = {
			isa = XCBuildConfiguration;
			buildSettings = {
				ASSETCATALOG_COMPILER_APPICON_NAME = AppIcon;
				INFOPLIST_FILE = "Time Lapse Calc/Info.plist";
				IPHONEOS_DEPLOYMENT_TARGET = 9.3;
				LD_RUNPATH_SEARCH_PATHS = "$(inherited) @executable_path/Frameworks";
				PRODUCT_BUNDLE_IDENTIFIER = "Lexor.Time-Lapse-Calc";
				PRODUCT_NAME = "$(TARGET_NAME)";
				SWIFT_VERSION = 3.0;
				TARGETED_DEVICE_FAMILY = 1;
			};
			name = Release;
		};
/* End XCBuildConfiguration section */

/* Begin XCConfigurationList section */
		274489DE1D410B4B002106E3 /* Build configuration list for PBXProject "Time Lapse Calc" */ = {
			isa = XCConfigurationList;
			buildConfigurations = (
				274489F31D410B4B002106E3 /* Debug */,
				274489F41D410B4B002106E3 /* Release */,
			);
			defaultConfigurationIsVisible = 0;
			defaultConfigurationName = Release;
		};
		274489F51D410B4B002106E3 /* Build configuration list for PBXNativeTarget "Time Lapse Calc" */ = {
			isa = XCConfigurationList;
			buildConfigurations = (
				274489F61D410B4B002106E3 /* Debug */,
				274489F71D410B4B002106E3 /* Release */,
			);
			defaultConfigurationIsVisible = 0;
			defaultConfigurationName = Release;
		};
/* End XCConfigurationList section */

/* Begin XCVersionGroup section */
		272262861D996A470082E04B /* DataModel.xcdatamodeld */ = {
			isa = XCVersionGroup;
			children = (
				272262871D996A470082E04B /* DataModel.xcdatamodel */,
			);
			currentVersion = 272262871D996A470082E04B /* DataModel.xcdatamodel */;
			path = DataModel.xcdatamodeld;
			sourceTree = "<group>";
			versionGroupType = wrapper.xcdatamodel;
		};
/* End XCVersionGroup section */
	};
	rootObject = 274489DB1D410B4B002106E3 /* Project object */;
}
